// !$*UTF8*$!
{
	archiveVersion = 1;
	classes = {
	};
	objectVersion = 51;
	objects = {

/* Begin PBXBuildFile section */
		7D5DB2ACC217BD2F5721DAA3 /* Pods_MyBankApp.framework in Frameworks */ = {isa = PBXBuildFile; fileRef = B81A5F30E58296132A717A90 /* Pods_MyBankApp.framework */; };
		CE18ADA726D5433A00E25786 /* AppDelegate.swift in Sources */ = {isa = PBXBuildFile; fileRef = CE18ADA626D5433A00E25786 /* AppDelegate.swift */; };
		CE18ADA926D5433A00E25786 /* SceneDelegate.swift in Sources */ = {isa = PBXBuildFile; fileRef = CE18ADA826D5433A00E25786 /* SceneDelegate.swift */; };
		CE18ADAB26D5433A00E25786 /* ViewController.swift in Sources */ = {isa = PBXBuildFile; fileRef = CE18ADAA26D5433A00E25786 /* ViewController.swift */; };
		CE18ADB026D5433B00E25786 /* Assets.xcassets in Resources */ = {isa = PBXBuildFile; fileRef = CE18ADAF26D5433B00E25786 /* Assets.xcassets */; };
		CE18ADB326D5433B00E25786 /* LaunchScreen.storyboard in Resources */ = {isa = PBXBuildFile; fileRef = CE18ADB126D5433B00E25786 /* LaunchScreen.storyboard */; };
		CE18ADBB26D555C600E25786 /* OnboardingPage.swift in Sources */ = {isa = PBXBuildFile; fileRef = CE18ADBA26D555C600E25786 /* OnboardingPage.swift */; };
		CE18ADBD26D55D8800E25786 /* OnboardingModel.swift in Sources */ = {isa = PBXBuildFile; fileRef = CE18ADBC26D55D8800E25786 /* OnboardingModel.swift */; };
		CE18ADBF26D5922200E25786 /* SignUp.swift in Sources */ = {isa = PBXBuildFile; fileRef = CE18ADBE26D5922200E25786 /* SignUp.swift */; };
		CE2E81A126D6E53300EFC1D7 /* Extensions.swift in Sources */ = {isa = PBXBuildFile; fileRef = CE2E81A026D6E53300EFC1D7 /* Extensions.swift */; };
		CE2E81A526D7072F00EFC1D7 /* PersonalDetails.swift in Sources */ = {isa = PBXBuildFile; fileRef = CE2E81A426D7072F00EFC1D7 /* PersonalDetails.swift */; };
		CE2E81A726D70A4100EFC1D7 /* Login.swift in Sources */ = {isa = PBXBuildFile; fileRef = CE2E81A626D70A4100EFC1D7 /* Login.swift */; };
		CE4D374926D7C44B00C752CD /* carbon.json in Resources */ = {isa = PBXBuildFile; fileRef = CE4D374826D7C44B00C752CD /* carbon.json */; };
		CE4D374B26D7C56B00C752CD /* bank.json in Resources */ = {isa = PBXBuildFile; fileRef = CE4D374A26D7C56B00C752CD /* bank.json */; };
		CE4D374D26D7C8CB00C752CD /* carbonPink.json in Resources */ = {isa = PBXBuildFile; fileRef = CE4D374C26D7C8CB00C752CD /* carbonPink.json */; };
		CE4D375126D8682C00C752CD /* LoginValidation.swift in Sources */ = {isa = PBXBuildFile; fileRef = CE4D374F26D8682C00C752CD /* LoginValidation.swift */; };
		CE4D375226D8682C00C752CD /* ValidationResult.swift in Sources */ = {isa = PBXBuildFile; fileRef = CE4D375026D8682C00C752CD /* ValidationResult.swift */; };
		CE4D375626D8687200C752CD /* LoginRequest.swift in Sources */ = {isa = PBXBuildFile; fileRef = CE4D375426D8687200C752CD /* LoginRequest.swift */; };
		CE4D375726D8687200C752CD /* LoginResponse.swift in Sources */ = {isa = PBXBuildFile; fileRef = CE4D375526D8687200C752CD /* LoginResponse.swift */; };
		CE4D375C26D8688500C752CD /* LoginViewModel.swift in Sources */ = {isa = PBXBuildFile; fileRef = CE4D375A26D8688500C752CD /* LoginViewModel.swift */; };
		CE4D376026D8689800C752CD /* HTTPUtility.swift in Sources */ = {isa = PBXBuildFile; fileRef = CE4D375E26D8689800C752CD /* HTTPUtility.swift */; };
		CE4D376126D8689800C752CD /* AlertService.swift in Sources */ = {isa = PBXBuildFile; fileRef = CE4D375F26D8689800C752CD /* AlertService.swift */; };
		CE4D376526D868A300C752CD /* Common.swift in Sources */ = {isa = PBXBuildFile; fileRef = CE4D376326D868A300C752CD /* Common.swift */; };
		CE4D376626D868A300C752CD /* UserDefaultUtility.swift in Sources */ = {isa = PBXBuildFile; fileRef = CE4D376426D868A300C752CD /* UserDefaultUtility.swift */; };
		CE4D376826D86B2200C752CD /* LoginViewExtension.swift in Sources */ = {isa = PBXBuildFile; fileRef = CE4D376726D86B2200C752CD /* LoginViewExtension.swift */; };
		CE4D376C26D86C3100C752CD /* LoginResource.swift in Sources */ = {isa = PBXBuildFile; fileRef = CE4D376A26D86C3100C752CD /* LoginResource.swift */; };
/* End PBXBuildFile section */

/* Begin PBXFileReference section */
		471B5926AC3124BA76CFEBDA /* Pods-MyBankApp.debug.xcconfig */ = {isa = PBXFileReference; includeInIndex = 1; lastKnownFileType = text.xcconfig; name = "Pods-MyBankApp.debug.xcconfig"; path = "Target Support Files/Pods-MyBankApp/Pods-MyBankApp.debug.xcconfig"; sourceTree = "<group>"; };
		9A76FFC3F07426595E1C0BA6 /* Pods-MyBankApp.release.xcconfig */ = {isa = PBXFileReference; includeInIndex = 1; lastKnownFileType = text.xcconfig; name = "Pods-MyBankApp.release.xcconfig"; path = "Target Support Files/Pods-MyBankApp/Pods-MyBankApp.release.xcconfig"; sourceTree = "<group>"; };
		B81A5F30E58296132A717A90 /* Pods_MyBankApp.framework */ = {isa = PBXFileReference; explicitFileType = wrapper.framework; includeInIndex = 0; path = Pods_MyBankApp.framework; sourceTree = BUILT_PRODUCTS_DIR; };
		CE18ADA326D5433A00E25786 /* MyBankApp.app */ = {isa = PBXFileReference; explicitFileType = wrapper.application; includeInIndex = 0; path = MyBankApp.app; sourceTree = BUILT_PRODUCTS_DIR; };
		CE18ADA626D5433A00E25786 /* AppDelegate.swift */ = {isa = PBXFileReference; lastKnownFileType = sourcecode.swift; path = AppDelegate.swift; sourceTree = "<group>"; };
		CE18ADA826D5433A00E25786 /* SceneDelegate.swift */ = {isa = PBXFileReference; lastKnownFileType = sourcecode.swift; path = SceneDelegate.swift; sourceTree = "<group>"; };
		CE18ADAA26D5433A00E25786 /* ViewController.swift */ = {isa = PBXFileReference; lastKnownFileType = sourcecode.swift; path = ViewController.swift; sourceTree = "<group>"; };
		CE18ADAF26D5433B00E25786 /* Assets.xcassets */ = {isa = PBXFileReference; lastKnownFileType = folder.assetcatalog; path = Assets.xcassets; sourceTree = "<group>"; };
		CE18ADB226D5433B00E25786 /* Base */ = {isa = PBXFileReference; lastKnownFileType = file.storyboard; name = Base; path = Base.lproj/LaunchScreen.storyboard; sourceTree = "<group>"; };
		CE18ADB426D5433B00E25786 /* Info.plist */ = {isa = PBXFileReference; lastKnownFileType = text.plist.xml; path = Info.plist; sourceTree = "<group>"; };
		CE18ADBA26D555C600E25786 /* OnboardingPage.swift */ = {isa = PBXFileReference; lastKnownFileType = sourcecode.swift; path = OnboardingPage.swift; sourceTree = "<group>"; };
		CE18ADBC26D55D8800E25786 /* OnboardingModel.swift */ = {isa = PBXFileReference; lastKnownFileType = sourcecode.swift; path = OnboardingModel.swift; sourceTree = "<group>"; };
		CE18ADBE26D5922200E25786 /* SignUp.swift */ = {isa = PBXFileReference; lastKnownFileType = sourcecode.swift; path = SignUp.swift; sourceTree = "<group>"; };
		CE2E81A026D6E53300EFC1D7 /* Extensions.swift */ = {isa = PBXFileReference; lastKnownFileType = sourcecode.swift; path = Extensions.swift; sourceTree = "<group>"; };
		CE2E81A426D7072F00EFC1D7 /* PersonalDetails.swift */ = {isa = PBXFileReference; lastKnownFileType = sourcecode.swift; path = PersonalDetails.swift; sourceTree = "<group>"; };
		CE2E81A626D70A4100EFC1D7 /* Login.swift */ = {isa = PBXFileReference; lastKnownFileType = sourcecode.swift; path = Login.swift; sourceTree = "<group>"; };
		CE4D374826D7C44B00C752CD /* carbon.json */ = {isa = PBXFileReference; fileEncoding = 4; lastKnownFileType = text.json; path = carbon.json; sourceTree = "<group>"; };
		CE4D374A26D7C56B00C752CD /* bank.json */ = {isa = PBXFileReference; fileEncoding = 4; lastKnownFileType = text.json; path = bank.json; sourceTree = "<group>"; };
		CE4D374C26D7C8CB00C752CD /* carbonPink.json */ = {isa = PBXFileReference; fileEncoding = 4; lastKnownFileType = text.json; path = carbonPink.json; sourceTree = "<group>"; };
		CE4D374F26D8682C00C752CD /* LoginValidation.swift */ = {isa = PBXFileReference; fileEncoding = 4; lastKnownFileType = sourcecode.swift; path = LoginValidation.swift; sourceTree = "<group>"; };
		CE4D375026D8682C00C752CD /* ValidationResult.swift */ = {isa = PBXFileReference; fileEncoding = 4; lastKnownFileType = sourcecode.swift; path = ValidationResult.swift; sourceTree = "<group>"; };
		CE4D375426D8687200C752CD /* LoginRequest.swift */ = {isa = PBXFileReference; fileEncoding = 4; lastKnownFileType = sourcecode.swift; path = LoginRequest.swift; sourceTree = "<group>"; };
		CE4D375526D8687200C752CD /* LoginResponse.swift */ = {isa = PBXFileReference; fileEncoding = 4; lastKnownFileType = sourcecode.swift; path = LoginResponse.swift; sourceTree = "<group>"; };
		CE4D375A26D8688500C752CD /* LoginViewModel.swift */ = {isa = PBXFileReference; fileEncoding = 4; lastKnownFileType = sourcecode.swift; path = LoginViewModel.swift; sourceTree = "<group>"; };
		CE4D375E26D8689800C752CD /* HTTPUtility.swift */ = {isa = PBXFileReference; fileEncoding = 4; lastKnownFileType = sourcecode.swift; path = HTTPUtility.swift; sourceTree = "<group>"; };
		CE4D375F26D8689800C752CD /* AlertService.swift */ = {isa = PBXFileReference; fileEncoding = 4; lastKnownFileType = sourcecode.swift; path = AlertService.swift; sourceTree = "<group>"; };
		CE4D376326D868A300C752CD /* Common.swift */ = {isa = PBXFileReference; fileEncoding = 4; lastKnownFileType = sourcecode.swift; path = Common.swift; sourceTree = "<group>"; };
		CE4D376426D868A300C752CD /* UserDefaultUtility.swift */ = {isa = PBXFileReference; fileEncoding = 4; lastKnownFileType = sourcecode.swift; path = UserDefaultUtility.swift; sourceTree = "<group>"; };
		CE4D376726D86B2200C752CD /* LoginViewExtension.swift */ = {isa = PBXFileReference; lastKnownFileType = sourcecode.swift; path = LoginViewExtension.swift; sourceTree = "<group>"; };
		CE4D376A26D86C3100C752CD /* LoginResource.swift */ = {isa = PBXFileReference; fileEncoding = 4; lastKnownFileType = sourcecode.swift; path = LoginResource.swift; sourceTree = "<group>"; };
/* End PBXFileReference section */

/* Begin PBXFrameworksBuildPhase section */
		CE18ADA026D5433A00E25786 /* Frameworks */ = {
			isa = PBXFrameworksBuildPhase;
			buildActionMask = 2147483647;
			files = (
				7D5DB2ACC217BD2F5721DAA3 /* Pods_MyBankApp.framework in Frameworks */,
			);
			runOnlyForDeploymentPostprocessing = 0;
		};
/* End PBXFrameworksBuildPhase section */

/* Begin PBXGroup section */
		9978D37DD443197189286090 /* Pods */ = {
			isa = PBXGroup;
			children = (
				471B5926AC3124BA76CFEBDA /* Pods-MyBankApp.debug.xcconfig */,
				9A76FFC3F07426595E1C0BA6 /* Pods-MyBankApp.release.xcconfig */,
			);
			path = Pods;
			sourceTree = "<group>";
		};
		9A849407CC021A9AD3F795CC /* Frameworks */ = {
			isa = PBXGroup;
			children = (
				B81A5F30E58296132A717A90 /* Pods_MyBankApp.framework */,
			);
			name = Frameworks;
			sourceTree = "<group>";
		};
		CE18AD9A26D5433A00E25786 = {
			isa = PBXGroup;
			children = (
				CE18ADA526D5433A00E25786 /* MyBankApp */,
				CE18ADA426D5433A00E25786 /* Products */,
				9978D37DD443197189286090 /* Pods */,
				9A849407CC021A9AD3F795CC /* Frameworks */,
			);
			sourceTree = "<group>";
		};
		CE18ADA426D5433A00E25786 /* Products */ = {
			isa = PBXGroup;
			children = (
				CE18ADA326D5433A00E25786 /* MyBankApp.app */,
			);
			name = Products;
			sourceTree = "<group>";
		};
		CE18ADA526D5433A00E25786 /* MyBankApp */ = {
			isa = PBXGroup;
			children = (
				CE4D376926D86C3100C752CD /* DataResources */,
				CE4D376226D868A300C752CD /* Common */,
				CE4D375D26D8689800C752CD /* Services */,
				CE4D375826D8688500C752CD /* ViewModels */,
				CE4D375326D8687200C752CD /* LoginModel */,
				CE4D374E26D8682C00C752CD /* Validation */,
				CE2E819F26D6D4B400EFC1D7 /* Application Delegate */,
				CE18ADBA26D555C600E25786 /* OnboardingPage.swift */,
				CE18ADBE26D5922200E25786 /* SignUp.swift */,
				CE18ADAA26D5433A00E25786 /* ViewController.swift */,
				CE2E81A426D7072F00EFC1D7 /* PersonalDetails.swift */,
				CE4D376726D86B2200C752CD /* LoginViewExtension.swift */,
				CE2E81A626D70A4100EFC1D7 /* Login.swift */,
				CE2E81AA26D720C100EFC1D7 /* Extensions */,
				CE18ADBC26D55D8800E25786 /* OnboardingModel.swift */,
				CE2E81A926D7208F00EFC1D7 /* Resources */,
				CE4D374826D7C44B00C752CD /* carbon.json */,
				CE2E81A826D7207200EFC1D7 /* Storyboard */,
				CE18ADB426D5433B00E25786 /* Info.plist */,
			);
			path = MyBankApp;
			sourceTree = "<group>";
		};
		CE2E819F26D6D4B400EFC1D7 /* Application Delegate */ = {
			isa = PBXGroup;
			children = (
				CE18ADA626D5433A00E25786 /* AppDelegate.swift */,
				CE18ADA826D5433A00E25786 /* SceneDelegate.swift */,
			);
			path = "Application Delegate";
			sourceTree = "<group>";
		};
		CE2E81A826D7207200EFC1D7 /* Storyboard */ = {
			isa = PBXGroup;
			children = (
				CE18ADB126D5433B00E25786 /* LaunchScreen.storyboard */,
			);
			path = Storyboard;
			sourceTree = "<group>";
		};
		CE2E81A926D7208F00EFC1D7 /* Resources */ = {
			isa = PBXGroup;
			children = (
				CE4D374A26D7C56B00C752CD /* bank.json */,
				CE4D374C26D7C8CB00C752CD /* carbonPink.json */,
				CE18ADAF26D5433B00E25786 /* Assets.xcassets */,
			);
			path = Resources;
			sourceTree = "<group>";
		};
		CE2E81AA26D720C100EFC1D7 /* Extensions */ = {
			isa = PBXGroup;
			children = (
				CE2E81A026D6E53300EFC1D7 /* Extensions.swift */,
			);
			path = Extensions;
			sourceTree = "<group>";
		};
		CE4D374E26D8682C00C752CD /* Validation */ = {
			isa = PBXGroup;
			children = (
				CE4D374F26D8682C00C752CD /* LoginValidation.swift */,
				CE4D375026D8682C00C752CD /* ValidationResult.swift */,
			);
			path = Validation;
			sourceTree = "<group>";
		};
		CE4D375326D8687200C752CD /* LoginModel */ = {
			isa = PBXGroup;
			children = (
				CE4D375426D8687200C752CD /* LoginRequest.swift */,
				CE4D375526D8687200C752CD /* LoginResponse.swift */,
			);
			path = LoginModel;
			sourceTree = "<group>";
		};
		CE4D375826D8688500C752CD /* ViewModels */ = {
			isa = PBXGroup;
			children = (
				CE4D375A26D8688500C752CD /* LoginViewModel.swift */,
			);
			path = ViewModels;
			sourceTree = "<group>";
		};
		CE4D375D26D8689800C752CD /* Services */ = {
			isa = PBXGroup;
			children = (
				CE4D375E26D8689800C752CD /* HTTPUtility.swift */,
				CE4D375F26D8689800C752CD /* AlertService.swift */,
			);
			path = Services;
			sourceTree = "<group>";
		};
		CE4D376226D868A300C752CD /* Common */ = {
			isa = PBXGroup;
			children = (
				CE4D376326D868A300C752CD /* Common.swift */,
				CE4D376426D868A300C752CD /* UserDefaultUtility.swift */,
			);
			path = Common;
			sourceTree = "<group>";
		};
		CE4D376926D86C3100C752CD /* DataResources */ = {
			isa = PBXGroup;
			children = (
				CE4D376A26D86C3100C752CD /* LoginResource.swift */,
			);
			path = DataResources;
			sourceTree = "<group>";
		};
/* End PBXGroup section */

/* Begin PBXNativeTarget section */
		CE18ADA226D5433A00E25786 /* MyBankApp */ = {
			isa = PBXNativeTarget;
			buildConfigurationList = CE18ADB726D5433B00E25786 /* Build configuration list for PBXNativeTarget "MyBankApp" */;
			buildPhases = (
				575D2F9A966A2C5D8C2B0A9A /* [CP] Check Pods Manifest.lock */,
				CE18AD9F26D5433A00E25786 /* Sources */,
				CE18ADA026D5433A00E25786 /* Frameworks */,
				CE18ADA126D5433A00E25786 /* Resources */,
				AF2F0A539C5A29EB789E02BA /* [CP] Embed Pods Frameworks */,
			);
			buildRules = (
			);
			dependencies = (
			);
			name = MyBankApp;
			productName = MyBankApp;
			productReference = CE18ADA326D5433A00E25786 /* MyBankApp.app */;
			productType = "com.apple.product-type.application";
		};
/* End PBXNativeTarget section */

/* Begin PBXProject section */
		CE18AD9B26D5433A00E25786 /* Project object */ = {
			isa = PBXProject;
			attributes = {
				LastSwiftUpdateCheck = 1250;
				LastUpgradeCheck = 1250;
				TargetAttributes = {
					CE18ADA226D5433A00E25786 = {
						CreatedOnToolsVersion = 12.5.1;
					};
				};
			};
			buildConfigurationList = CE18AD9E26D5433A00E25786 /* Build configuration list for PBXProject "MyBankApp" */;
			compatibilityVersion = "Xcode 9.3";
			developmentRegion = en;
			hasScannedForEncodings = 0;
			knownRegions = (
				en,
				Base,
			);
			mainGroup = CE18AD9A26D5433A00E25786;
			productRefGroup = CE18ADA426D5433A00E25786 /* Products */;
			projectDirPath = "";
			projectRoot = "";
			targets = (
				CE18ADA226D5433A00E25786 /* MyBankApp */,
			);
		};
/* End PBXProject section */

/* Begin PBXResourcesBuildPhase section */
		CE18ADA126D5433A00E25786 /* Resources */ = {
			isa = PBXResourcesBuildPhase;
			buildActionMask = 2147483647;
			files = (
				CE4D374926D7C44B00C752CD /* carbon.json in Resources */,
				CE4D374B26D7C56B00C752CD /* bank.json in Resources */,
				CE18ADB326D5433B00E25786 /* LaunchScreen.storyboard in Resources */,
				CE4D374D26D7C8CB00C752CD /* carbonPink.json in Resources */,
				CE18ADB026D5433B00E25786 /* Assets.xcassets in Resources */,
			);
			runOnlyForDeploymentPostprocessing = 0;
		};
/* End PBXResourcesBuildPhase section */

/* Begin PBXShellScriptBuildPhase section */
		575D2F9A966A2C5D8C2B0A9A /* [CP] Check Pods Manifest.lock */ = {
			isa = PBXShellScriptBuildPhase;
			buildActionMask = 2147483647;
			files = (
			);
			inputFileListPaths = (
			);
			inputPaths = (
				"${PODS_PODFILE_DIR_PATH}/Podfile.lock",
				"${PODS_ROOT}/Manifest.lock",
			);
			name = "[CP] Check Pods Manifest.lock";
			outputFileListPaths = (
			);
			outputPaths = (
				"$(DERIVED_FILE_DIR)/Pods-MyBankApp-checkManifestLockResult.txt",
			);
			runOnlyForDeploymentPostprocessing = 0;
			shellPath = /bin/sh;
			shellScript = "diff \"${PODS_PODFILE_DIR_PATH}/Podfile.lock\" \"${PODS_ROOT}/Manifest.lock\" > /dev/null\nif [ $? != 0 ] ; then\n    # print error to STDERR\n    echo \"error: The sandbox is not in sync with the Podfile.lock. Run 'pod install' or update your CocoaPods installation.\" >&2\n    exit 1\nfi\n# This output is used by Xcode 'outputs' to avoid re-running this script phase.\necho \"SUCCESS\" > \"${SCRIPT_OUTPUT_FILE_0}\"\n";
			showEnvVarsInLog = 0;
		};
		AF2F0A539C5A29EB789E02BA /* [CP] Embed Pods Frameworks */ = {
			isa = PBXShellScriptBuildPhase;
			buildActionMask = 2147483647;
			files = (
			);
			inputFileListPaths = (
				"${PODS_ROOT}/Target Support Files/Pods-MyBankApp/Pods-MyBankApp-frameworks-${CONFIGURATION}-input-files.xcfilelist",
			);
			name = "[CP] Embed Pods Frameworks";
			outputFileListPaths = (
				"${PODS_ROOT}/Target Support Files/Pods-MyBankApp/Pods-MyBankApp-frameworks-${CONFIGURATION}-output-files.xcfilelist",
			);
			runOnlyForDeploymentPostprocessing = 0;
			shellPath = /bin/sh;
			shellScript = "\"${PODS_ROOT}/Target Support Files/Pods-MyBankApp/Pods-MyBankApp-frameworks.sh\"\n";
			showEnvVarsInLog = 0;
		};
/* End PBXShellScriptBuildPhase section */

/* Begin PBXSourcesBuildPhase section */
		CE18AD9F26D5433A00E25786 /* Sources */ = {
			isa = PBXSourcesBuildPhase;
			buildActionMask = 2147483647;
			files = (
				CE4D376026D8689800C752CD /* HTTPUtility.swift in Sources */,
				CE4D375226D8682C00C752CD /* ValidationResult.swift in Sources */,
				CE4D376626D868A300C752CD /* UserDefaultUtility.swift in Sources */,
				CE18ADAB26D5433A00E25786 /* ViewController.swift in Sources */,
				CE4D376C26D86C3100C752CD /* LoginResource.swift in Sources */,
				CE4D376526D868A300C752CD /* Common.swift in Sources */,
				CE18ADBF26D5922200E25786 /* SignUp.swift in Sources */,
				CE4D375626D8687200C752CD /* LoginRequest.swift in Sources */,
				CE4D376826D86B2200C752CD /* LoginViewExtension.swift in Sources */,
				CE2E81A526D7072F00EFC1D7 /* PersonalDetails.swift in Sources */,
				CE18ADBD26D55D8800E25786 /* OnboardingModel.swift in Sources */,
				CE4D375726D8687200C752CD /* LoginResponse.swift in Sources */,
				CE4D375C26D8688500C752CD /* LoginViewModel.swift in Sources */,
				CE18ADA726D5433A00E25786 /* AppDelegate.swift in Sources */,
				CE18ADA926D5433A00E25786 /* SceneDelegate.swift in Sources */,
				CE2E81A726D70A4100EFC1D7 /* Login.swift in Sources */,
				CE4D376126D8689800C752CD /* AlertService.swift in Sources */,
				CE18ADBB26D555C600E25786 /* OnboardingPage.swift in Sources */,
				CE4D375126D8682C00C752CD /* LoginValidation.swift in Sources */,
				CE2E81A126D6E53300EFC1D7 /* Extensions.swift in Sources */,
			);
			runOnlyForDeploymentPostprocessing = 0;
		};
/* End PBXSourcesBuildPhase section */

/* Begin PBXVariantGroup section */
		CE18ADB126D5433B00E25786 /* LaunchScreen.storyboard */ = {
			isa = PBXVariantGroup;
			children = (
				CE18ADB226D5433B00E25786 /* Base */,
			);
			name = LaunchScreen.storyboard;
			sourceTree = "<group>";
		};
/* End PBXVariantGroup section */

/* Begin XCBuildConfiguration section */
		CE18ADB526D5433B00E25786 /* Debug */ = {
			isa = XCBuildConfiguration;
			buildSettings = {
				ALWAYS_SEARCH_USER_PATHS = NO;
				CLANG_ANALYZER_NONNULL = YES;
				CLANG_ANALYZER_NUMBER_OBJECT_CONVERSION = YES_AGGRESSIVE;
				CLANG_CXX_LANGUAGE_STANDARD = "gnu++14";
				CLANG_CXX_LIBRARY = "libc++";
				CLANG_ENABLE_MODULES = YES;
				CLANG_ENABLE_OBJC_ARC = YES;
				CLANG_ENABLE_OBJC_WEAK = YES;
				CLANG_WARN_BLOCK_CAPTURE_AUTORELEASING = YES;
				CLANG_WARN_BOOL_CONVERSION = YES;
				CLANG_WARN_COMMA = YES;
				CLANG_WARN_CONSTANT_CONVERSION = YES;
				CLANG_WARN_DEPRECATED_OBJC_IMPLEMENTATIONS = YES;
				CLANG_WARN_DIRECT_OBJC_ISA_USAGE = YES_ERROR;
				CLANG_WARN_DOCUMENTATION_COMMENTS = YES;
				CLANG_WARN_EMPTY_BODY = YES;
				CLANG_WARN_ENUM_CONVERSION = YES;
				CLANG_WARN_INFINITE_RECURSION = YES;
				CLANG_WARN_INT_CONVERSION = YES;
				CLANG_WARN_NON_LITERAL_NULL_CONVERSION = YES;
				CLANG_WARN_OBJC_IMPLICIT_RETAIN_SELF = YES;
				CLANG_WARN_OBJC_LITERAL_CONVERSION = YES;
				CLANG_WARN_OBJC_ROOT_CLASS = YES_ERROR;
				CLANG_WARN_QUOTED_INCLUDE_IN_FRAMEWORK_HEADER = YES;
				CLANG_WARN_RANGE_LOOP_ANALYSIS = YES;
				CLANG_WARN_STRICT_PROTOTYPES = YES;
				CLANG_WARN_SUSPICIOUS_MOVE = YES;
				CLANG_WARN_UNGUARDED_AVAILABILITY = YES_AGGRESSIVE;
				CLANG_WARN_UNREACHABLE_CODE = YES;
				CLANG_WARN__DUPLICATE_METHOD_MATCH = YES;
				COPY_PHASE_STRIP = NO;
				DEBUG_INFORMATION_FORMAT = dwarf;
				ENABLE_STRICT_OBJC_MSGSEND = YES;
				ENABLE_TESTABILITY = YES;
				GCC_C_LANGUAGE_STANDARD = gnu11;
				GCC_DYNAMIC_NO_PIC = NO;
				GCC_NO_COMMON_BLOCKS = YES;
				GCC_OPTIMIZATION_LEVEL = 0;
				GCC_PREPROCESSOR_DEFINITIONS = (
					"DEBUG=1",
					"$(inherited)",
				);
				GCC_WARN_64_TO_32_BIT_CONVERSION = YES;
				GCC_WARN_ABOUT_RETURN_TYPE = YES_ERROR;
				GCC_WARN_UNDECLARED_SELECTOR = YES;
				GCC_WARN_UNINITIALIZED_AUTOS = YES_AGGRESSIVE;
				GCC_WARN_UNUSED_FUNCTION = YES;
				GCC_WARN_UNUSED_VARIABLE = YES;
				IPHONEOS_DEPLOYMENT_TARGET = 14.5;
				MTL_ENABLE_DEBUG_INFO = INCLUDE_SOURCE;
				MTL_FAST_MATH = YES;
				ONLY_ACTIVE_ARCH = YES;
				SDKROOT = iphoneos;
				SWIFT_ACTIVE_COMPILATION_CONDITIONS = DEBUG;
				SWIFT_OPTIMIZATION_LEVEL = "-Onone";
			};
			name = Debug;
		};
		CE18ADB626D5433B00E25786 /* Release */ = {
			isa = XCBuildConfiguration;
			buildSettings = {
				ALWAYS_SEARCH_USER_PATHS = NO;
				CLANG_ANALYZER_NONNULL = YES;
				CLANG_ANALYZER_NUMBER_OBJECT_CONVERSION = YES_AGGRESSIVE;
				CLANG_CXX_LANGUAGE_STANDARD = "gnu++14";
				CLANG_CXX_LIBRARY = "libc++";
				CLANG_ENABLE_MODULES = YES;
				CLANG_ENABLE_OBJC_ARC = YES;
				CLANG_ENABLE_OBJC_WEAK = YES;
				CLANG_WARN_BLOCK_CAPTURE_AUTORELEASING = YES;
				CLANG_WARN_BOOL_CONVERSION = YES;
				CLANG_WARN_COMMA = YES;
				CLANG_WARN_CONSTANT_CONVERSION = YES;
				CLANG_WARN_DEPRECATED_OBJC_IMPLEMENTATIONS = YES;
				CLANG_WARN_DIRECT_OBJC_ISA_USAGE = YES_ERROR;
				CLANG_WARN_DOCUMENTATION_COMMENTS = YES;
				CLANG_WARN_EMPTY_BODY = YES;
				CLANG_WARN_ENUM_CONVERSION = YES;
				CLANG_WARN_INFINITE_RECURSION = YES;
				CLANG_WARN_INT_CONVERSION = YES;
				CLANG_WARN_NON_LITERAL_NULL_CONVERSION = YES;
				CLANG_WARN_OBJC_IMPLICIT_RETAIN_SELF = YES;
				CLANG_WARN_OBJC_LITERAL_CONVERSION = YES;
				CLANG_WARN_OBJC_ROOT_CLASS = YES_ERROR;
				CLANG_WARN_QUOTED_INCLUDE_IN_FRAMEWORK_HEADER = YES;
				CLANG_WARN_RANGE_LOOP_ANALYSIS = YES;
				CLANG_WARN_STRICT_PROTOTYPES = YES;
				CLANG_WARN_SUSPICIOUS_MOVE = YES;
				CLANG_WARN_UNGUARDED_AVAILABILITY = YES_AGGRESSIVE;
				CLANG_WARN_UNREACHABLE_CODE = YES;
				CLANG_WARN__DUPLICATE_METHOD_MATCH = YES;
				COPY_PHASE_STRIP = NO;
				DEBUG_INFORMATION_FORMAT = "dwarf-with-dsym";
				ENABLE_NS_ASSERTIONS = NO;
				ENABLE_STRICT_OBJC_MSGSEND = YES;
				GCC_C_LANGUAGE_STANDARD = gnu11;
				GCC_NO_COMMON_BLOCKS = YES;
				GCC_WARN_64_TO_32_BIT_CONVERSION = YES;
				GCC_WARN_ABOUT_RETURN_TYPE = YES_ERROR;
				GCC_WARN_UNDECLARED_SELECTOR = YES;
				GCC_WARN_UNINITIALIZED_AUTOS = YES_AGGRESSIVE;
				GCC_WARN_UNUSED_FUNCTION = YES;
				GCC_WARN_UNUSED_VARIABLE = YES;
				IPHONEOS_DEPLOYMENT_TARGET = 14.5;
				MTL_ENABLE_DEBUG_INFO = NO;
				MTL_FAST_MATH = YES;
				SDKROOT = iphoneos;
				SWIFT_COMPILATION_MODE = wholemodule;
				SWIFT_OPTIMIZATION_LEVEL = "-O";
				VALIDATE_PRODUCT = YES;
			};
			name = Release;
		};
		CE18ADB826D5433B00E25786 /* Debug */ = {
			isa = XCBuildConfiguration;
			baseConfigurationReference = 471B5926AC3124BA76CFEBDA /* Pods-MyBankApp.debug.xcconfig */;
			buildSettings = {
				ASSETCATALOG_COMPILER_APPICON_NAME = AppIcon;
				ASSETCATALOG_COMPILER_GLOBAL_ACCENT_COLOR_NAME = AccentColor;
				CODE_SIGN_STYLE = Automatic;
				INFOPLIST_FILE = MyBankApp/Info.plist;
				LD_RUNPATH_SEARCH_PATHS = (
					"$(inherited)",
					"@executable_path/Frameworks",
				);
				PRODUCT_BUNDLE_IDENTIFIER = com.Gabbrolee.MyBankApp;
				PRODUCT_NAME = "$(TARGET_NAME)";
				SWIFT_VERSION = 5.0;
				TARGETED_DEVICE_FAMILY = "1,2";
			};
			name = Debug;
		};
		CE18ADB926D5433B00E25786 /* Release */ = {
			isa = XCBuildConfiguration;
			baseConfigurationReference = 9A76FFC3F07426595E1C0BA6 /* Pods-MyBankApp.release.xcconfig */;
			buildSettings = {
				ASSETCATALOG_COMPILER_APPICON_NAME = AppIcon;
				ASSETCATALOG_COMPILER_GLOBAL_ACCENT_COLOR_NAME = AccentColor;
				CODE_SIGN_STYLE = Automatic;
				INFOPLIST_FILE = MyBankApp/Info.plist;
				LD_RUNPATH_SEARCH_PATHS = (
					"$(inherited)",
					"@executable_path/Frameworks",
				);
				PRODUCT_BUNDLE_IDENTIFIER = com.Gabbrolee.MyBankApp;
				PRODUCT_NAME = "$(TARGET_NAME)";
				SWIFT_VERSION = 5.0;
				TARGETED_DEVICE_FAMILY = "1,2";
			};
			name = Release;
		};
/* End XCBuildConfiguration section */

/* Begin XCConfigurationList section */
		CE18AD9E26D5433A00E25786 /* Build configuration list for PBXProject "MyBankApp" */ = {
			isa = XCConfigurationList;
			buildConfigurations = (
				CE18ADB526D5433B00E25786 /* Debug */,
				CE18ADB626D5433B00E25786 /* Release */,
			);
			defaultConfigurationIsVisible = 0;
			defaultConfigurationName = Release;
		};
		CE18ADB726D5433B00E25786 /* Build configuration list for PBXNativeTarget "MyBankApp" */ = {
			isa = XCConfigurationList;
			buildConfigurations = (
				CE18ADB826D5433B00E25786 /* Debug */,
				CE18ADB926D5433B00E25786 /* Release */,
			);
			defaultConfigurationIsVisible = 0;
			defaultConfigurationName = Release;
		};
/* End XCConfigurationList section */
	};
	rootObject = CE18AD9B26D5433A00E25786 /* Project object */;
}
